
Microsoft Visual Studio Solution File, Format Version 12.00
# Visual Studio Version 16
VisualStudioVersion = 16.0.29102.190
MinimumVisualStudioVersion = 10.0.40219.1
Project("{8BC9CEB8-8B4A-11D0-8D11-00A0C91BC942}") = "AroundCamera", "AroundCamera\AroundCamera.vcxproj", "{98445932-10AB-4BC0-9335-564CD39C170D}"
EndProject
Global
	GlobalSection(SolutionConfigurationPlatforms) = preSolution
		Debug|ARM = Debug|ARM
		Debug|ARM64 = Debug|ARM64
		Debug|x64 = Debug|x64
		Debug|x86 = Debug|x86
		Release|ARM = Release|ARM
		Release|ARM64 = Release|ARM64
		Release|x64 = Release|x64
		Release|x86 = Release|x86
	EndGlobalSection
	GlobalSection(ProjectConfigurationPlatforms) = postSolution
		{98445932-10AB-4BC0-9335-564CD39C170D}.Debug|ARM.ActiveCfg = Debug|ARM
		{98445932-10AB-4BC0-9335-564CD39C170D}.Debug|ARM.Build.0 = Debug|ARM
		{98445932-10AB-4BC0-9335-564CD39C170D}.Debug|ARM.Deploy.0 = Debug|ARM
		{98445932-10AB-4BC0-9335-564CD39C170D}.Debug|ARM64.ActiveCfg = Debug|ARM64
		{98445932-10AB-4BC0-9335-564CD39C170D}.Debug|ARM64.Build.0 = Debug|ARM64
		{98445932-10AB-4BC0-9335-564CD39C170D}.Debug|ARM64.Deploy.0 = Debug|ARM64
		{98445932-10AB-4BC0-9335-564CD39C170D}.Debug|x64.ActiveCfg = Debug|ARM
		{98445932-10AB-4BC0-9335-564CD39C170D}.Debug|x86.ActiveCfg = Debug|ARM
		{98445932-10AB-4BC0-9335-564CD39C170D}.Release|ARM.ActiveCfg = Release|ARM
		{98445932-10AB-4BC0-9335-564CD39C170D}.Release|ARM.Build.0 = Release|ARM
		{98445932-10AB-4BC0-9335-564CD39C170D}.Release|ARM.Deploy.0 = Release|ARM
		{98445932-10AB-4BC0-9335-564CD39C170D}.Release|ARM64.ActiveCfg = Release|ARM64
		{98445932-10AB-4BC0-9335-564CD39C170D}.Release|ARM64.Build.0 = Release|ARM64
		{98445932-10AB-4BC0-9335-564CD39C170D}.Release|ARM64.Deploy.0 = Release|ARM64
		{98445932-10AB-4BC0-9335-564CD39C170D}.Release|x64.ActiveCfg = Release|ARM
		{98445932-10AB-4BC0-9335-564CD39C170D}.Release|x86.ActiveCfg = Release|ARM
	EndGlobalSection
	GlobalSection(SolutionProperties) = preSolution
		HideSolutionNode = FALSE
	EndGlobalSection
	GlobalSection(ExtensibilityGlobals) = postSolution
		SolutionGuid = {E05603B5-44AF-48C5-B8FF-1D0403C8E99F}
	EndGlobalSection
EndGlobal
