<?xml version="1.0" encoding="utf-8"?>
<Project ToolsVersion="4.0" xmlns="http://schemas.microsoft.com/developer/msbuild/2003">
  <ItemGroup>
    <Filter Include="Task">
      <UniqueIdentifier>{3bc54a81-bb72-4580-98dd-40906f67cfd9}</UniqueIdentifier>
    </Filter>
    <Filter Include="Parts">
      <UniqueIdentifier>{8e86bece-fe8d-45d4-a383-640942eda625}</UniqueIdentifier>
    </Filter>
    <Filter Include="Parts\ShareMemory">
      <UniqueIdentifier>{7d1dba5f-9c75-4eb6-b84d-13c2b327f61d}</UniqueIdentifier>
    </Filter>
    <Filter Include="Task\Main">
      <UniqueIdentifier>{0213635d-6c71-499f-a9b5-95cbf8f58ba5}</UniqueIdentifier>
    </Filter>
    <Filter Include="Parts\Communication">
      <UniqueIdentifier>{8e338d69-6831-4b8e-97b9-e31ccc49268e}</UniqueIdentifier>
    </Filter>
    <Filter Include="Task\AroundCamera">
      <UniqueIdentifier>{71e349ba-fb1b-4158-9d0a-fa6afb365234}</UniqueIdentifier>
    </Filter>
  </ItemGroup>
  <ItemGroup>
    <ClCompile Include="Task\Main\main.cpp">
      <Filter>Task\Main</Filter>
    </ClCompile>
    <ClCompile Include="Parts\Communication\ReceiverThread.cpp">
      <Filter>Parts\Communication</Filter>
    </ClCompile>
    <ClCompile Include="Parts\Communication\SenderThread.cpp">
      <Filter>Parts\Communication</Filter>
    </ClCompile>
    <ClCompile Include="Task\AroundCamera\AroundCameraComm.cpp">
      <Filter>Task\AroundCamera</Filter>
    </ClCompile>
  </ItemGroup>
  <ItemGroup>
    <ClInclude Include="Parts\ShareMemory\ShareMemory.h">
      <Filter>Parts\ShareMemory</Filter>
    </ClInclude>
    <ClInclude Include="Parts\Communication\ReceiverThread.h">
      <Filter>Parts\Communication</Filter>
    </ClInclude>
    <ClInclude Include="Parts\Communication\SenderThread.h">
      <Filter>Parts\Communication</Filter>
    </ClInclude>
    <ClInclude Include="Task\AroundCamera\AroundCameraComm.h">
      <Filter>Task\AroundCamera</Filter>
    </ClInclude>
  </ItemGroup>
</Project>