<?xml version="1.0" encoding="utf-8"?>
<Project ToolsVersion="4.0" xmlns="http://schemas.microsoft.com/developer/msbuild/2003">
  <ItemGroup>
    <Filter Include="Task">
      <UniqueIdentifier>{3bc54a81-bb72-4580-98dd-40906f67cfd9}</UniqueIdentifier>
    </Filter>
    <Filter Include="Parts">
      <UniqueIdentifier>{8e86bece-fe8d-45d4-a383-640942eda625}</UniqueIdentifier>
    </Filter>
    <Filter Include="Parts\ShareMemory">
      <UniqueIdentifier>{7d1dba5f-9c75-4eb6-b84d-13c2b327f61d}</UniqueIdentifier>
    </Filter>
    <Filter Include="Task\Main">
      <UniqueIdentifier>{0213635d-6c71-499f-a9b5-95cbf8f58ba5}</UniqueIdentifier>
    </Filter>
    <Filter Include="Task\AroundCamera">
      <UniqueIdentifier>{71e349ba-fb1b-4158-9d0a-fa6afb365234}</UniqueIdentifier>
    </Filter>
    <Filter Include="Task\MotorCommunicator">
      <UniqueIdentifier>{881f455c-e840-4085-bc87-f54e79ecd0f5}</UniqueIdentifier>
    </Filter>
  </ItemGroup>
  <ItemGroup>
    <ClCompile Include="Task\Main\main.cpp">
      <Filter>Task\Main</Filter>
    </ClCompile>
    <ClCompile Include="Task\AroundCamera\AroundCameraReceiver.cpp">
      <Filter>Task\AroundCamera</Filter>
    </ClCompile>
    <ClCompile Include="Task\MotorCommunicator\MotorCommunicator.cpp">
      <Filter>Task\MotorCommunicator</Filter>
    </ClCompile>
  </ItemGroup>
  <ItemGroup>
    <ClInclude Include="Parts\ShareMemory\ShareMemory.h">
      <Filter>Parts\ShareMemory</Filter>
    </ClInclude>
    <ClInclude Include="Task\AroundCamera\AroundCameraReceiver.h">
      <Filter>Task\AroundCamera</Filter>
    </ClInclude>
    <ClInclude Include="Task\MotorCommunicator\MotorCommunicator.h">
      <Filter>Task\MotorCommunicator</Filter>
    </ClInclude>
  </ItemGroup>
</Project>