<?xml version="1.0" encoding="utf-8"?>
<Project ToolsVersion="4.0" xmlns="http://schemas.microsoft.com/developer/msbuild/2003">
  <ItemGroup>
    <Filter Include="Task">
      <UniqueIdentifier>{3bc54a81-bb72-4580-98dd-40906f67cfd9}</UniqueIdentifier>
    </Filter>
    <Filter Include="Parts">
      <UniqueIdentifier>{8e86bece-fe8d-45d4-a383-640942eda625}</UniqueIdentifier>
    </Filter>
    <Filter Include="Parts\ShareMemory">
      <UniqueIdentifier>{7d1dba5f-9c75-4eb6-b84d-13c2b327f61d}</UniqueIdentifier>
    </Filter>
    <Filter Include="Task\Main">
      <UniqueIdentifier>{0213635d-6c71-499f-a9b5-95cbf8f58ba5}</UniqueIdentifier>
    </Filter>
    <Filter Include="Task\AroundCamera">
      <UniqueIdentifier>{71e349ba-fb1b-4158-9d0a-fa6afb365234}</UniqueIdentifier>
    </Filter>
    <Filter Include="Task\MotorCommunicator">
      <UniqueIdentifier>{881f455c-e840-4085-bc87-f54e79ecd0f5}</UniqueIdentifier>
    </Filter>
    <Filter Include="Task\Main\Sequencer">
      <UniqueIdentifier>{2c0b79ff-efb7-444d-b4f9-a632302fa318}</UniqueIdentifier>
    </Filter>
    <Filter Include="Task\Main\Sequencer\Idle">
      <UniqueIdentifier>{2af8fe0f-7f92-4bcd-8e97-1055d13ad2e0}</UniqueIdentifier>
    </Filter>
    <Filter Include="Task\Main\Sequencer\Kusakari">
      <UniqueIdentifier>{741e17b0-6180-44ce-96d5-cb2589691ccf}</UniqueIdentifier>
    </Filter>
    <Filter Include="Task\Main\Sequencer\Yakei">
      <UniqueIdentifier>{471f5ca1-6d36-468c-b141-cd6b7d343d77}</UniqueIdentifier>
    </Filter>
    <Filter Include="Task\Main\Sequencer\Error">
      <UniqueIdentifier>{a460dfb6-98cb-4c78-975e-ba94effeec03}</UniqueIdentifier>
    </Filter>
    <Filter Include="Task\FrontCamera">
      <UniqueIdentifier>{91d29160-ae5e-46a4-a0bd-12c7cd39e50c}</UniqueIdentifier>
    </Filter>
    <Filter Include="Parts\MappingData">
      <UniqueIdentifier>{442c95d4-e623-415e-9751-740a64bc850d}</UniqueIdentifier>
    </Filter>
    <Filter Include="Parts\PositionData">
      <UniqueIdentifier>{f3f8e846-5530-4872-8275-c66b7dd0ca57}</UniqueIdentifier>
    </Filter>
    <Filter Include="Parts\SettingManager">
      <UniqueIdentifier>{b7011f67-6c46-4fae-8459-e3ed79757616}</UniqueIdentifier>
    </Filter>
    <Filter Include="Task\WavePowerMonitor">
      <UniqueIdentifier>{fb56696b-54ab-4f43-b04a-7b63d5b4b65c}</UniqueIdentifier>
    </Filter>
    <Filter Include="Task\HeartBeat">
      <UniqueIdentifier>{b5684407-9618-48ff-ad60-6654c6569522}</UniqueIdentifier>
    </Filter>
    <Filter Include="Task\BuzzerController">
      <UniqueIdentifier>{245f641e-0818-45eb-9b4b-3c1851a39cff}</UniqueIdentifier>
    </Filter>
    <Filter Include="Task\LightController">
      <UniqueIdentifier>{e4a584f8-a369-47d0-93c9-681c4b84f191}</UniqueIdentifier>
    </Filter>
    <Filter Include="Task\AnimalCamera">
      <UniqueIdentifier>{247cfa26-a140-49a4-bba1-6fcbdf17e575}</UniqueIdentifier>
    </Filter>
  </ItemGroup>
  <ItemGroup>
    <ClCompile Include="Task\Main\main.cpp">
      <Filter>Task\Main</Filter>
    </ClCompile>
    <ClCompile Include="Task\AroundCamera\AroundCameraReceiver.cpp">
      <Filter>Task\AroundCamera</Filter>
    </ClCompile>
    <ClCompile Include="Task\MotorCommunicator\MotorCommunicator.cpp">
      <Filter>Task\MotorCommunicator</Filter>
    </ClCompile>
    <ClCompile Include="Task\Main\Sequencer\Idle\HimajinKun.cpp">
      <Filter>Task\Main\Sequencer\Idle</Filter>
    </ClCompile>
    <ClCompile Include="Task\Main\Sequencer\Kusakari\KusakariKun.cpp">
      <Filter>Task\Main\Sequencer\Kusakari</Filter>
    </ClCompile>
    <ClCompile Include="Task\Main\Sequencer\Error\ErrorKun.cpp">
      <Filter>Task\Main\Sequencer\Error</Filter>
    </ClCompile>
    <ClCompile Include="Task\Main\Sequencer\Yakei\YakeiKun.cpp">
      <Filter>Task\Main\Sequencer\Yakei</Filter>
    </ClCompile>
    <ClCompile Include="Parts\MappingData\MappingData.cpp">
      <Filter>Parts\MappingData</Filter>
    </ClCompile>
    <ClCompile Include="Parts\PositionData\PositionData.cpp">
      <Filter>Parts\PositionData</Filter>
    </ClCompile>
    <ClCompile Include="Parts\MappingData\AreaMap.cpp">
      <Filter>Parts\MappingData</Filter>
    </ClCompile>
    <ClCompile Include="Parts\MappingData\MoveMap.cpp">
      <Filter>Parts\MappingData</Filter>
    </ClCompile>
    <ClCompile Include="Parts\Setting\SettingManager.cpp">
      <Filter>Parts\SettingManager</Filter>
    </ClCompile>
    <ClCompile Include="Task\WavePowerMonitor\WavePowerMonitor.cpp">
      <Filter>Task\WavePowerMonitor</Filter>
    </ClCompile>
    <ClCompile Include="Task\Main\Sequencer\SequencerBase.cpp">
      <Filter>Task\Main\Sequencer</Filter>
    </ClCompile>
    <ClCompile Include="Task\HeartBeat\HeartBeatManager.cpp">
      <Filter>Task\HeartBeat</Filter>
    </ClCompile>
    <ClCompile Include="Task\BuzzerController\BuzzerController.cpp">
      <Filter>Task\BuzzerController</Filter>
    </ClCompile>
    <ClCompile Include="Task\LightController\LightController.cpp">
      <Filter>Task\LightController</Filter>
    </ClCompile>
    <ClCompile Include="Task\FrontCamera\FrontCameraReceiver.cpp">
      <Filter>Task\FrontCamera</Filter>
    </ClCompile>
    <ClCompile Include="Task\AnimalCamera\AnimalCameraReceiver.cpp">
      <Filter>Task\AnimalCamera</Filter>
    </ClCompile>
  </ItemGroup>
  <ItemGroup>
    <ClInclude Include="Task\AroundCamera\AroundCameraReceiver.h">
      <Filter>Task\AroundCamera</Filter>
    </ClInclude>
    <ClInclude Include="Task\MotorCommunicator\MotorCommunicator.h">
      <Filter>Task\MotorCommunicator</Filter>
    </ClInclude>
    <ClInclude Include="Task\Main\Sequencer\Idle\HimajinKun.h">
      <Filter>Task\Main\Sequencer\Idle</Filter>
    </ClInclude>
    <ClInclude Include="Task\Main\Sequencer\Kusakari\KusakariKun.h">
      <Filter>Task\Main\Sequencer\Kusakari</Filter>
    </ClInclude>
    <ClInclude Include="Task\Main\Sequencer\Error\ErrorKun.h">
      <Filter>Task\Main\Sequencer\Error</Filter>
    </ClInclude>
    <ClInclude Include="Task\Main\Sequencer\Yakei\YakeiKun.h">
      <Filter>Task\Main\Sequencer\Yakei</Filter>
    </ClInclude>
    <ClInclude Include="Task\Main\Sequencer\SequencerBase.h">
      <Filter>Task\Main\Sequencer</Filter>
    </ClInclude>
    <ClInclude Include="Parts\ShareMemory\ShareMemory.h">
      <Filter>Parts\ShareMemory</Filter>
    </ClInclude>
    <ClInclude Include="Parts\MappingData\MappingData.h">
      <Filter>Parts\MappingData</Filter>
    </ClInclude>
    <ClInclude Include="Parts\PositionData\PositionData.h">
      <Filter>Parts\PositionData</Filter>
    </ClInclude>
    <ClInclude Include="Parts\MappingData\AreaMap.h">
      <Filter>Parts\MappingData</Filter>
    </ClInclude>
    <ClInclude Include="Parts\MappingData\MoveMap.h">
      <Filter>Parts\MappingData</Filter>
    </ClInclude>
    <ClInclude Include="Parts\Setting\SettingManager.h">
      <Filter>Parts\SettingManager</Filter>
    </ClInclude>
    <ClInclude Include="Task\WavePowerMonitor\WavePowerMonitor.h">
      <Filter>Task\WavePowerMonitor</Filter>
    </ClInclude>
    <ClInclude Include="Parts\CommanderCommon.h">
      <Filter>Parts</Filter>
    </ClInclude>
    <ClInclude Include="Task\HeartBeat\HeartBeatManager.h">
      <Filter>Task\HeartBeat</Filter>
    </ClInclude>
    <ClInclude Include="Task\BuzzerController\BuzzerController.h">
      <Filter>Task\BuzzerController</Filter>
    </ClInclude>
    <ClInclude Include="Task\LightController\LightController.h">
      <Filter>Task\LightController</Filter>
    </ClInclude>
    <ClInclude Include="Task\FrontCamera\FrontCameraReceiver.h">
      <Filter>Task\FrontCamera</Filter>
    </ClInclude>
    <ClInclude Include="Task\AnimalCamera\AnimalCameraReceiver.h">
      <Filter>Task\AnimalCamera</Filter>
    </ClInclude>
  </ItemGroup>
</Project>